
Microsoft Visual Studio Solution File, Format Version 12.00
# Visual Studio Version 17
VisualStudioVersion = 17.14.36301.6 d17.14
MinimumVisualStudioVersion = 10.0.40219.1
Project("{FAE04EC0-301F-11D3-BF4B-00C04F79EFBC}") = "CVlization", "CVlization\CVlization.csproj", "{63502BDD-D40A-4841-BFDA-7CFE5448150D}"
EndProject
Global
	GlobalSection(SolutionConfigurationPlatforms) = preSolution
		Debug|Any CPU = Debug|Any CPU
		Release|Any CPU = Release|Any CPU
	EndGlobalSection
	GlobalSection(ProjectConfigurationPlatforms) = postSolution
		{63502BDD-D40A-4841-BFDA-7CFE5448150D}.Debug|Any CPU.ActiveCfg = Debug|Any CPU
		{63502BDD-D40A-4841-BFDA-7CFE5448150D}.Debug|Any CPU.Build.0 = Debug|Any CPU
		{63502BDD-D40A-4841-BFDA-7CFE5448150D}.Release|Any CPU.ActiveCfg = Release|Any CPU
		{63502BDD-D40A-4841-BFDA-7CFE5448150D}.Release|Any CPU.Build.0 = Release|Any CPU
	EndGlobalSection
	GlobalSection(SolutionProperties) = preSolution
		HideSolutionNode = FALSE
	EndGlobalSection
	GlobalSection(ExtensibilityGlobals) = postSolution
		SolutionGuid = {695F97FB-CA5F-45E1-B52E-9794208CF318}
	EndGlobalSection
EndGlobal
