
Microsoft Visual Studio Solution File, Format Version 12.00
# Visual Studio Version 17
VisualStudioVersion = 17.14.36301.6
MinimumVisualStudioVersion = 10.0.40219.1
Project("{FAE04EC0-301F-11D3-BF4B-00C04F79EFBC}") = "API", "API\API.csproj", "{63502BDD-D40A-4841-BFDA-7CFE5448150D}"
EndProject
Project("{E53339B2-1760-4266-BCC7-CA923CBCF16C}") = "docker-compose", "docker-compose.dcproj", "{81DDED9D-158B-E303-5F62-77A2896D2A5A}"
EndProject
Project("{FAE04EC0-301F-11D3-BF4B-00C04F79EFBC}") = "Application", "Application\Application.csproj", "{E18185E7-33A5-40A2-9E5B-4B583FD44DEE}"
EndProject
Project("{FAE04EC0-301F-11D3-BF4B-00C04F79EFBC}") = "Domain", "Domain\Domain.csproj", "{E9D0DE1D-AAB5-4FBC-B4F7-5025EC3E9488}"
EndProject
Project("{FAE04EC0-301F-11D3-BF4B-00C04F79EFBC}") = "Infrastructure", "Infrastructure\Infrastructure.csproj", "{7DE2B78A-4646-4F5E-8CB1-9AFAA2785640}"
EndProject
Project("{54A90642-561A-4BB1-A94E-469ADEE60C69}") = "WebApp", "WebApp\WebApp.esproj", "{3E267B2F-906F-90D0-AE30-1D10622C2BD7}"
EndProject
Global
	GlobalSection(SolutionConfigurationPlatforms) = preSolution
		Debug|Any CPU = Debug|Any CPU
		Release|Any CPU = Release|Any CPU
	EndGlobalSection
	GlobalSection(ProjectConfigurationPlatforms) = postSolution
		{63502BDD-D40A-4841-BFDA-7CFE5448150D}.Debug|Any CPU.ActiveCfg = Debug|Any CPU
		{63502BDD-D40A-4841-BFDA-7CFE5448150D}.Debug|Any CPU.Build.0 = Debug|Any CPU
		{63502BDD-D40A-4841-BFDA-7CFE5448150D}.Release|Any CPU.ActiveCfg = Release|Any CPU
		{63502BDD-D40A-4841-BFDA-7CFE5448150D}.Release|Any CPU.Build.0 = Release|Any CPU
		{81DDED9D-158B-E303-5F62-77A2896D2A5A}.Debug|Any CPU.ActiveCfg = Debug|Any CPU
		{81DDED9D-158B-E303-5F62-77A2896D2A5A}.Debug|Any CPU.Build.0 = Debug|Any CPU
		{81DDED9D-158B-E303-5F62-77A2896D2A5A}.Release|Any CPU.ActiveCfg = Release|Any CPU
		{81DDED9D-158B-E303-5F62-77A2896D2A5A}.Release|Any CPU.Build.0 = Release|Any CPU
		{E18185E7-33A5-40A2-9E5B-4B583FD44DEE}.Debug|Any CPU.ActiveCfg = Debug|Any CPU
		{E18185E7-33A5-40A2-9E5B-4B583FD44DEE}.Debug|Any CPU.Build.0 = Debug|Any CPU
		{E18185E7-33A5-40A2-9E5B-4B583FD44DEE}.Release|Any CPU.ActiveCfg = Release|Any CPU
		{E18185E7-33A5-40A2-9E5B-4B583FD44DEE}.Release|Any CPU.Build.0 = Release|Any CPU
		{E9D0DE1D-AAB5-4FBC-B4F7-5025EC3E9488}.Debug|Any CPU.ActiveCfg = Debug|Any CPU
		{E9D0DE1D-AAB5-4FBC-B4F7-5025EC3E9488}.Debug|Any CPU.Build.0 = Debug|Any CPU
		{E9D0DE1D-AAB5-4FBC-B4F7-5025EC3E9488}.Release|Any CPU.ActiveCfg = Release|Any CPU
		{E9D0DE1D-AAB5-4FBC-B4F7-5025EC3E9488}.Release|Any CPU.Build.0 = Release|Any CPU
		{7DE2B78A-4646-4F5E-8CB1-9AFAA2785640}.Debug|Any CPU.ActiveCfg = Debug|Any CPU
		{7DE2B78A-4646-4F5E-8CB1-9AFAA2785640}.Debug|Any CPU.Build.0 = Debug|Any CPU
		{7DE2B78A-4646-4F5E-8CB1-9AFAA2785640}.Release|Any CPU.ActiveCfg = Release|Any CPU
		{7DE2B78A-4646-4F5E-8CB1-9AFAA2785640}.Release|Any CPU.Build.0 = Release|Any CPU
		{3E267B2F-906F-90D0-AE30-1D10622C2BD7}.Debug|Any CPU.ActiveCfg = Debug|Any CPU
		{3E267B2F-906F-90D0-AE30-1D10622C2BD7}.Debug|Any CPU.Build.0 = Debug|Any CPU
		{3E267B2F-906F-90D0-AE30-1D10622C2BD7}.Debug|Any CPU.Deploy.0 = Debug|Any CPU
		{3E267B2F-906F-90D0-AE30-1D10622C2BD7}.Release|Any CPU.ActiveCfg = Release|Any CPU
		{3E267B2F-906F-90D0-AE30-1D10622C2BD7}.Release|Any CPU.Build.0 = Release|Any CPU
		{3E267B2F-906F-90D0-AE30-1D10622C2BD7}.Release|Any CPU.Deploy.0 = Release|Any CPU
	EndGlobalSection
	GlobalSection(SolutionProperties) = preSolution
		HideSolutionNode = FALSE
	EndGlobalSection
	GlobalSection(ExtensibilityGlobals) = postSolution
		SolutionGuid = {695F97FB-CA5F-45E1-B52E-9794208CF318}
	EndGlobalSection
EndGlobal
